
Microsoft Visual Studio Solution File, Format Version 12.00
# Visual Studio Version 17
VisualStudioVersion = 17.5.33424.131
MinimumVisualStudioVersion = 10.0.40219.1
Project("{9A19103F-16F7-4668-BE54-9A1E7A4F7556}") = "SwearPersian", "SwearPersian\SwearPersian.csproj", "{17F0FEBC-2966-4376-BAD9-525FCFBEBBB1}"
EndProject
Project("{FAE04EC0-301F-11D3-BF4B-00C04F79EFBC}") = "SwearPersian.Test", "SwearPersian.Test\SwearPersian.Test.csproj", "{67F759F3-7710-4F47-90B1-BC2D6C23DEA4}"
EndProject
Global
	GlobalSection(SolutionConfigurationPlatforms) = preSolution
		Debug|Any CPU = Debug|Any CPU
		Release|Any CPU = Release|Any CPU
	EndGlobalSection
	GlobalSection(ProjectConfigurationPlatforms) = postSolution
		{17F0FEBC-2966-4376-BAD9-525FCFBEBBB1}.Debug|Any CPU.ActiveCfg = Debug|Any CPU
		{17F0FEBC-2966-4376-BAD9-525FCFBEBBB1}.Debug|Any CPU.Build.0 = Debug|Any CPU
		{17F0FEBC-2966-4376-BAD9-525FCFBEBBB1}.Release|Any CPU.ActiveCfg = Release|Any CPU
		{17F0FEBC-2966-4376-BAD9-525FCFBEBBB1}.Release|Any CPU.Build.0 = Release|Any CPU
		{67F759F3-7710-4F47-90B1-BC2D6C23DEA4}.Debug|Any CPU.ActiveCfg = Debug|Any CPU
		{67F759F3-7710-4F47-90B1-BC2D6C23DEA4}.Debug|Any CPU.Build.0 = Debug|Any CPU
		{67F759F3-7710-4F47-90B1-BC2D6C23DEA4}.Release|Any CPU.ActiveCfg = Release|Any CPU
		{67F759F3-7710-4F47-90B1-BC2D6C23DEA4}.Release|Any CPU.Build.0 = Release|Any CPU
	EndGlobalSection
	GlobalSection(SolutionProperties) = preSolution
		HideSolutionNode = FALSE
	EndGlobalSection
	GlobalSection(ExtensibilityGlobals) = postSolution
		SolutionGuid = {424E8A77-0020-4026-A7FD-9700F09E77C6}
	EndGlobalSection
EndGlobal
